
Microsoft Visual Studio Solution File, Format Version 12.00
# Visual Studio Version 17
VisualStudioVersion = 17.0.31903.59
MinimumVisualStudioVersion = 10.0.40219.1
Project("{FAE04EC0-301F-11D3-BF4B-00C04F79EFBC}") = "Task1.Models", "Task1.Models\Task1.Models.csproj", "{863CF709-7503-45EE-A629-4CB44FDDBC98}"
EndProject
Project("{FAE04EC0-301F-11D3-BF4B-00C04F79EFBC}") = "Task1", "Task1\Task1.csproj", "{D5F1F235-5111-4370-AF69-92CAF6AA986A}"
EndProject
Project("{FAE04EC0-301F-11D3-BF4B-00C04F79EFBC}") = "Task2.Models", "Task2.Models\Task2.Models.csproj", "{2467FC26-165C-4612-B5D2-4370F7435997}"
EndProject
Project("{FAE04EC0-301F-11D3-BF4B-00C04F79EFBC}") = "Task3", "Task3\Task3.csproj", "{4C139857-F460-4D60-9BE4-63DABA0C6FCA}"
EndProject
Project("{FAE04EC0-301F-11D3-BF4B-00C04F79EFBC}") = "Task4", "Task4\Task4.csproj", "{A02C7E84-4328-4334-BE57-5D56EFCED92C}"
EndProject
Global
	GlobalSection(SolutionConfigurationPlatforms) = preSolution
		Debug|Any CPU = Debug|Any CPU
		Release|Any CPU = Release|Any CPU
	EndGlobalSection
	GlobalSection(ProjectConfigurationPlatforms) = postSolution
		{863CF709-7503-45EE-A629-4CB44FDDBC98}.Debug|Any CPU.ActiveCfg = Debug|Any CPU
		{863CF709-7503-45EE-A629-4CB44FDDBC98}.Debug|Any CPU.Build.0 = Debug|Any CPU
		{863CF709-7503-45EE-A629-4CB44FDDBC98}.Release|Any CPU.ActiveCfg = Release|Any CPU
		{863CF709-7503-45EE-A629-4CB44FDDBC98}.Release|Any CPU.Build.0 = Release|Any CPU
		{D5F1F235-5111-4370-AF69-92CAF6AA986A}.Debug|Any CPU.ActiveCfg = Debug|Any CPU
		{D5F1F235-5111-4370-AF69-92CAF6AA986A}.Debug|Any CPU.Build.0 = Debug|Any CPU
		{D5F1F235-5111-4370-AF69-92CAF6AA986A}.Release|Any CPU.ActiveCfg = Release|Any CPU
		{D5F1F235-5111-4370-AF69-92CAF6AA986A}.Release|Any CPU.Build.0 = Release|Any CPU
		{2467FC26-165C-4612-B5D2-4370F7435997}.Debug|Any CPU.ActiveCfg = Debug|Any CPU
		{2467FC26-165C-4612-B5D2-4370F7435997}.Debug|Any CPU.Build.0 = Debug|Any CPU
		{2467FC26-165C-4612-B5D2-4370F7435997}.Release|Any CPU.ActiveCfg = Release|Any CPU
		{2467FC26-165C-4612-B5D2-4370F7435997}.Release|Any CPU.Build.0 = Release|Any CPU
		{4C139857-F460-4D60-9BE4-63DABA0C6FCA}.Debug|Any CPU.ActiveCfg = Debug|Any CPU
		{4C139857-F460-4D60-9BE4-63DABA0C6FCA}.Debug|Any CPU.Build.0 = Debug|Any CPU
		{4C139857-F460-4D60-9BE4-63DABA0C6FCA}.Release|Any CPU.ActiveCfg = Release|Any CPU
		{4C139857-F460-4D60-9BE4-63DABA0C6FCA}.Release|Any CPU.Build.0 = Release|Any CPU
		{A02C7E84-4328-4334-BE57-5D56EFCED92C}.Debug|Any CPU.ActiveCfg = Debug|Any CPU
		{A02C7E84-4328-4334-BE57-5D56EFCED92C}.Debug|Any CPU.Build.0 = Debug|Any CPU
		{A02C7E84-4328-4334-BE57-5D56EFCED92C}.Release|Any CPU.ActiveCfg = Release|Any CPU
		{A02C7E84-4328-4334-BE57-5D56EFCED92C}.Release|Any CPU.Build.0 = Release|Any CPU
	EndGlobalSection
	GlobalSection(SolutionProperties) = preSolution
		HideSolutionNode = FALSE
	EndGlobalSection
	GlobalSection(ExtensibilityGlobals) = postSolution
		SolutionGuid = {937A1199-F29D-4AC0-AF95-13208DE810CA}
	EndGlobalSection
EndGlobal
