
Microsoft Visual Studio Solution File, Format Version 12.00
# Visual Studio Version 17
VisualStudioVersion = 17.0.31903.59
MinimumVisualStudioVersion = 10.0.40219.1
Project("{FAE04EC0-301F-11D3-BF4B-00C04F79EFBC}") = "Task1.Models", "Task1.Models\Task1.Models.csproj", "{863CF709-7503-45EE-A629-4CB44FDDBC98}"
EndProject
Project("{FAE04EC0-301F-11D3-BF4B-00C04F79EFBC}") = "Task1", "Task1\Task1.csproj", "{D5F1F235-5111-4370-AF69-92CAF6AA986A}"
EndProject
Global
	GlobalSection(SolutionConfigurationPlatforms) = preSolution
		Debug|Any CPU = Debug|Any CPU
		Release|Any CPU = Release|Any CPU
	EndGlobalSection
	GlobalSection(ProjectConfigurationPlatforms) = postSolution
		{863CF709-7503-45EE-A629-4CB44FDDBC98}.Debug|Any CPU.ActiveCfg = Debug|Any CPU
		{863CF709-7503-45EE-A629-4CB44FDDBC98}.Debug|Any CPU.Build.0 = Debug|Any CPU
		{863CF709-7503-45EE-A629-4CB44FDDBC98}.Release|Any CPU.ActiveCfg = Release|Any CPU
		{863CF709-7503-45EE-A629-4CB44FDDBC98}.Release|Any CPU.Build.0 = Release|Any CPU
		{D5F1F235-5111-4370-AF69-92CAF6AA986A}.Debug|Any CPU.ActiveCfg = Debug|Any CPU
		{D5F1F235-5111-4370-AF69-92CAF6AA986A}.Debug|Any CPU.Build.0 = Debug|Any CPU
		{D5F1F235-5111-4370-AF69-92CAF6AA986A}.Release|Any CPU.ActiveCfg = Release|Any CPU
		{D5F1F235-5111-4370-AF69-92CAF6AA986A}.Release|Any CPU.Build.0 = Release|Any CPU
	EndGlobalSection
	GlobalSection(SolutionProperties) = preSolution
		HideSolutionNode = FALSE
	EndGlobalSection
	GlobalSection(ExtensibilityGlobals) = postSolution
		SolutionGuid = {937A1199-F29D-4AC0-AF95-13208DE810CA}
	EndGlobalSection
EndGlobal
